
Microsoft Visual Studio Solution File, Format Version 12.00
# Visual Studio Version 17
VisualStudioVersion = 17.3.32819.101
MinimumVisualStudioVersion = 10.0.40219.1
Project("{FAE04EC0-301F-11D3-BF4B-00C04F79EFBC}") = "HW4", "HW4\HW4.csproj", "{619DCF6A-7DE0-412D-83F2-293958A712DC}"
EndProject
Global
	GlobalSection(SolutionConfigurationPlatforms) = preSolution
		Debug|Any CPU = Debug|Any CPU
		Release|Any CPU = Release|Any CPU
	EndGlobalSection
	GlobalSection(ProjectConfigurationPlatforms) = postSolution
		{619DCF6A-7DE0-412D-83F2-293958A712DC}.Debug|Any CPU.ActiveCfg = Debug|Any CPU
		{619DCF6A-7DE0-412D-83F2-293958A712DC}.Debug|Any CPU.Build.0 = Debug|Any CPU
		{619DCF6A-7DE0-412D-83F2-293958A712DC}.Release|Any CPU.ActiveCfg = Release|Any CPU
		{619DCF6A-7DE0-412D-83F2-293958A712DC}.Release|Any CPU.Build.0 = Release|Any CPU
	EndGlobalSection
	GlobalSection(SolutionProperties) = preSolution
		HideSolutionNode = FALSE
	EndGlobalSection
	GlobalSection(ExtensibilityGlobals) = postSolution
		SolutionGuid = {27B2EB25-EC0A-4FBA-A70A-6F212F8D4CB6}
	EndGlobalSection
EndGlobal
